{
  "version": 4,
  "terraform_version": "1.7.1",
  "serial": 25,
  "lineage": "9b4b14c4-9917-96de-3d77-603b315a8c98",
  "outputs": {},
  "resources": [
    {
      "mode": "managed",
      "type": "newrelic_alert_policy",
      "name": "AP",
      "provider": "provider[\"registry.terraform.io/newrelic/newrelic\"]",
      "instances": [
        {
          "schema_version": 0,
          "attributes": {
            "account_id": 4439967,
            "channel_ids": null,
            "id": "5498177",
            "incident_preference": "PER_CONDITION",
            "name": "AlertPolicy"
          },
          "sensitive_attributes": [],
          "private": "bnVsbA=="
        }
      ]
    },
    {
      "mode": "managed",
      "type": "newrelic_nrql_alert_condition",
      "name": "AC",
      "provider": "provider[\"registry.terraform.io/newrelic/newrelic\"]",
      "instances": [
        {
          "index_key": 0,
          "schema_version": 0,
          "attributes": {
            "account_id": 4439967,
            "aggregation_delay": "120",
            "aggregation_method": "event_flow",
            "aggregation_timer": null,
            "aggregation_window": 60,
            "baseline_direction": null,
            "close_violations_on_expiration": true,
            "critical": [
              {
                "duration": 0,
                "operator": "above",
                "threshold": 80,
                "threshold_duration": 300,
                "threshold_occurrences": "all",
                "time_function": ""
              }
            ],
            "description": "Alert when the memory usage is high",
            "enabled": true,
            "entity_guid": "NDQzOTk2N3xBSU9QU3xDT05ESVRJT058NDMzNTQ3MjI",
            "evaluation_delay": null,
            "expiration_duration": 120,
            "fill_option": "static",
            "fill_value": 1,
            "id": "5498177:43354722",
            "name": "Memory Usage High",
            "nrql": [
              {
                "data_account_id": 0,
                "evaluation_offset": 0,
                "query": "SELECT average(duration) FROM Transaction where appName = 'FoodMe-mine'",
                "since_value": ""
              }
            ],
            "open_violation_on_expiration": true,
            "policy_id": 5498177,
            "runbook_url": "https://www.example.com",
            "slide_by": 30,
            "term": [],
            "timeouts": null,
            "type": "static",
            "violation_time_limit": "ONE_HOUR",
            "violation_time_limit_seconds": 3600,
            "warning": [
              {
                "duration": 0,
                "operator": "above",
                "threshold": 60,
                "threshold_duration": 600,
                "threshold_occurrences": "all",
                "time_function": ""
              }
            ]
          },
          "sensitive_attributes": [],
          "private": "eyJlMmJmYjczMC1lY2FhLTExZTYtOGY4OC0zNDM2M2JjN2M0YzAiOnsiY3JlYXRlIjozMDAwMDAwMDAwMH19",
          "dependencies": [
            "newrelic_alert_policy.AP"
          ]
        },
        {
          "index_key": 1,
          "schema_version": 0,
          "attributes": {
            "account_id": 4439967,
            "aggregation_delay": "120",
            "aggregation_method": "event_flow",
            "aggregation_timer": null,
            "aggregation_window": 60,
            "baseline_direction": null,
            "close_violations_on_expiration": true,
            "critical": [
              {
                "duration": 0,
                "operator": "above",
                "threshold": 80,
                "threshold_duration": 300,
                "threshold_occurrences": "all",
                "time_function": ""
              }
            ],
            "description": "Alert when the memory usage is high",
            "enabled": true,
            "entity_guid": "NDQzOTk2N3xBSU9QU3xDT05ESVRJT058NDMzNTQ3NDc",
            "evaluation_delay": null,
            "expiration_duration": 120,
            "fill_option": "static",
            "fill_value": 1,
            "id": "5498177:43354747",
            "name": "Memory Usage High",
            "nrql": [
              {
                "data_account_id": 0,
                "evaluation_offset": 0,
                "query": "SELECT average(duration) FROM Transaction where appName = 'FoodMe-mine'",
                "since_value": ""
              }
            ],
            "open_violation_on_expiration": true,
            "policy_id": 5498177,
            "runbook_url": "https://www.example.com",
            "slide_by": 30,
            "term": [],
            "timeouts": null,
            "type": "static",
            "violation_time_limit": "ONE_HOUR",
            "violation_time_limit_seconds": 3600,
            "warning": [
              {
                "duration": 0,
                "operator": "above",
                "threshold": 60,
                "threshold_duration": 600,
                "threshold_occurrences": "all",
                "time_function": ""
              }
            ]
          },
          "sensitive_attributes": [],
          "private": "eyJlMmJmYjczMC1lY2FhLTExZTYtOGY4OC0zNDM2M2JjN2M0YzAiOnsiY3JlYXRlIjozMDAwMDAwMDAwMH19",
          "dependencies": [
            "newrelic_alert_policy.AP"
          ]
        }
      ]
    }
  ],
  "check_results": null
}
